// !$*UTF8*$!
{
	archiveVersion = 1;
	classes = {
	};
	objectVersion = 56;
	objects = {

/* Begin PBXBuildFile section */
		3A5520B42BBB2FF600C6C63F /* WelcomeView.swift in Sources */ = {isa = PBXBuildFile; fileRef = 3A5520B32BBB2FF600C6C63F /* WelcomeView.swift */; };
		3A5520B82BBB313700C6C63F /* Launch Screen.storyboard in Resources */ = {isa = PBXBuildFile; fileRef = 3A5520B72BBB313700C6C63F /* Launch Screen.storyboard */; };
		3A6099EA2BAA6A3400FF80EA /* nuhraApp.swift in Sources */ = {isa = PBXBuildFile; fileRef = 3A6099E92BAA6A3400FF80EA /* nuhraApp.swift */; };
		3A6099EE2BAA6A3500FF80EA /* Assets.xcassets in Resources */ = {isa = PBXBuildFile; fileRef = 3A6099ED2BAA6A3500FF80EA /* Assets.xcassets */; };
		3A6099F12BAA6A3500FF80EA /* Preview Assets.xcassets in Resources */ = {isa = PBXBuildFile; fileRef = 3A6099F02BAA6A3500FF80EA /* Preview Assets.xcassets */; };
		3A6099FB2BAA6A3500FF80EA /* nuhraTests.swift in Sources */ = {isa = PBXBuildFile; fileRef = 3A6099FA2BAA6A3500FF80EA /* nuhraTests.swift */; };
		3A609A052BAA6A3500FF80EA /* nuhraUITests.swift in Sources */ = {isa = PBXBuildFile; fileRef = 3A609A042BAA6A3500FF80EA /* nuhraUITests.swift */; };
		3A609A072BAA6A3500FF80EA /* nuhraUITestsLaunchTests.swift in Sources */ = {isa = PBXBuildFile; fileRef = 3A609A062BAA6A3500FF80EA /* nuhraUITestsLaunchTests.swift */; };
/* End PBXBuildFile section */

/* Begin PBXContainerItemProxy section */
		3A6099F72BAA6A3500FF80EA /* PBXContainerItemProxy */ = {
			isa = PBXContainerItemProxy;
			containerPortal = 3A6099DE2BAA6A3400FF80EA /* Project object */;
			proxyType = 1;
			remoteGlobalIDString = 3A6099E52BAA6A3400FF80EA;
			remoteInfo = nuhra;
		};
		3A609A012BAA6A3500FF80EA /* PBXContainerItemProxy */ = {
			isa = PBXContainerItemProxy;
			containerPortal = 3A6099DE2BAA6A3400FF80EA /* Project object */;
			proxyType = 1;
			remoteGlobalIDString = 3A6099E52BAA6A3400FF80EA;
			remoteInfo = nuhra;
		};
/* End PBXContainerItemProxy section */

/* Begin PBXFileReference section */
		3A5520A52BBB2A2800C6C63F /* HKGrotesk-Regular.otf */ = {isa = PBXFileReference; lastKnownFileType = file; name = "HKGrotesk-Regular.otf"; path = "../../../../FontsNuhra/HKGrotesk-Regular.otf"; sourceTree = "<group>"; };
		3A5520A62BBB2A2800C6C63F /* Gilroy-Medium.ttf */ = {isa = PBXFileReference; lastKnownFileType = file; name = "Gilroy-Medium.ttf"; path = "../../../../FontsNuhra/Gilroy-Medium.ttf"; sourceTree = "<group>"; };
		3A5520A72BBB2A2800C6C63F /* Gilroy-SemiBold.ttf */ = {isa = PBXFileReference; lastKnownFileType = file; name = "Gilroy-SemiBold.ttf"; path = "../../../../FontsNuhra/Gilroy-SemiBold.ttf"; sourceTree = "<group>"; };
		3A5520A82BBB2A2800C6C63F /* Gilroy-Bold.ttf */ = {isa = PBXFileReference; lastKnownFileType = file; name = "Gilroy-Bold.ttf"; path = "../../../../FontsNuhra/Gilroy-Bold.ttf"; sourceTree = "<group>"; };
		3A5520A92BBB2A2800C6C63F /* Sveningsson.ttf */ = {isa = PBXFileReference; lastKnownFileType = file; name = Sveningsson.ttf; path = ../../../../FontsNuhra/Sveningsson.ttf; sourceTree = "<group>"; };
		3A5520AA2BBB2A2800C6C63F /* Airbnb-Cereald-Medium (1).otf */ = {isa = PBXFileReference; lastKnownFileType = file; name = "Airbnb-Cereald-Medium (1).otf"; path = "../../../../FontsNuhra/Airbnb-Cereald-Medium (1).otf"; sourceTree = "<group>"; };
		3A5520AB2BBB2A2800C6C63F /* Gilroy-Regular.ttf */ = {isa = PBXFileReference; lastKnownFileType = file; name = "Gilroy-Regular.ttf"; path = "../../../../FontsNuhra/Gilroy-Regular.ttf"; sourceTree = "<group>"; };
		3A5520AC2BBB2A2800C6C63F /* HKGrotesk-Bold.otf */ = {isa = PBXFileReference; lastKnownFileType = file; name = "HKGrotesk-Bold.otf"; path = "../../../../FontsNuhra/HKGrotesk-Bold.otf"; sourceTree = "<group>"; };
		3A5520AD2BBB2D0C00C6C63F /* Info.plist */ = {isa = PBXFileReference; lastKnownFileType = text.plist; path = Info.plist; sourceTree = "<group>"; };
		3A5520B32BBB2FF600C6C63F /* WelcomeView.swift */ = {isa = PBXFileReference; lastKnownFileType = sourcecode.swift; path = WelcomeView.swift; sourceTree = "<group>"; };
		3A5520B72BBB313700C6C63F /* Launch Screen.storyboard */ = {isa = PBXFileReference; lastKnownFileType = file.storyboard; path = "Launch Screen.storyboard"; sourceTree = "<group>"; };
		3A6099E62BAA6A3400FF80EA /* nuhra.app */ = {isa = PBXFileReference; explicitFileType = wrapper.application; includeInIndex = 0; path = nuhra.app; sourceTree = BUILT_PRODUCTS_DIR; };
		3A6099E92BAA6A3400FF80EA /* nuhraApp.swift */ = {isa = PBXFileReference; lastKnownFileType = sourcecode.swift; path = nuhraApp.swift; sourceTree = "<group>"; };
		3A6099ED2BAA6A3500FF80EA /* Assets.xcassets */ = {isa = PBXFileReference; lastKnownFileType = folder.assetcatalog; path = Assets.xcassets; sourceTree = "<group>"; };
		3A6099F02BAA6A3500FF80EA /* Preview Assets.xcassets */ = {isa = PBXFileReference; lastKnownFileType = folder.assetcatalog; path = "Preview Assets.xcassets"; sourceTree = "<group>"; };
		3A6099F62BAA6A3500FF80EA /* nuhraTests.xctest */ = {isa = PBXFileReference; explicitFileType = wrapper.cfbundle; includeInIndex = 0; path = nuhraTests.xctest; sourceTree = BUILT_PRODUCTS_DIR; };
		3A6099FA2BAA6A3500FF80EA /* nuhraTests.swift */ = {isa = PBXFileReference; lastKnownFileType = sourcecode.swift; path = nuhraTests.swift; sourceTree = "<group>"; };
		3A609A002BAA6A3500FF80EA /* nuhraUITests.xctest */ = {isa = PBXFileReference; explicitFileType = wrapper.cfbundle; includeInIndex = 0; path = nuhraUITests.xctest; sourceTree = BUILT_PRODUCTS_DIR; };
		3A609A042BAA6A3500FF80EA /* nuhraUITests.swift */ = {isa = PBXFileReference; lastKnownFileType = sourcecode.swift; path = nuhraUITests.swift; sourceTree = "<group>"; };
		3A609A062BAA6A3500FF80EA /* nuhraUITestsLaunchTests.swift */ = {isa = PBXFileReference; lastKnownFileType = sourcecode.swift; path = nuhraUITestsLaunchTests.swift; sourceTree = "<group>"; };
/* End PBXFileReference section */

/* Begin PBXFrameworksBuildPhase section */
		3A6099E32BAA6A3400FF80EA /* Frameworks */ = {
			isa = PBXFrameworksBuildPhase;
			buildActionMask = 2147483647;
			files = (
			);
			runOnlyForDeploymentPostprocessing = 0;
		};
		3A6099F32BAA6A3500FF80EA /* Frameworks */ = {
			isa = PBXFrameworksBuildPhase;
			buildActionMask = 2147483647;
			files = (
			);
			runOnlyForDeploymentPostprocessing = 0;
		};
		3A6099FD2BAA6A3500FF80EA /* Frameworks */ = {
			isa = PBXFrameworksBuildPhase;
			buildActionMask = 2147483647;
			files = (
			);
			runOnlyForDeploymentPostprocessing = 0;
		};
/* End PBXFrameworksBuildPhase section */

/* Begin PBXGroup section */
		3A5520AE2BBB2EAC00C6C63F /* View */ = {
			isa = PBXGroup;
			children = (
				3A5520B22BBB2FD100C6C63F /* Login */,
			);
			path = View;
			sourceTree = "<group>";
		};
		3A5520AF2BBB2EC000C6C63F /* Model */ = {
			isa = PBXGroup;
			children = (
			);
			path = Model;
			sourceTree = "<group>";
		};
		3A5520B02BBB2ED200C6C63F /* ViewModel */ = {
			isa = PBXGroup;
			children = (
			);
			path = ViewModel;
			sourceTree = "<group>";
		};
		3A5520B12BBB2F2E00C6C63F /* UICommon */ = {
			isa = PBXGroup;
			children = (
			);
			path = UICommon;
			sourceTree = "<group>";
		};
		3A5520B22BBB2FD100C6C63F /* Login */ = {
			isa = PBXGroup;
			children = (
				3A5520B32BBB2FF600C6C63F /* WelcomeView.swift */,
			);
			path = Login;
			sourceTree = "<group>";
		};
		3A6099DD2BAA6A3400FF80EA = {
			isa = PBXGroup;
			children = (
				3A6099E82BAA6A3400FF80EA /* nuhra */,
				3A6099F92BAA6A3500FF80EA /* nuhraTests */,
				3A609A032BAA6A3500FF80EA /* nuhraUITests */,
				3A6099E72BAA6A3400FF80EA /* Products */,
			);
			sourceTree = "<group>";
		};
		3A6099E72BAA6A3400FF80EA /* Products */ = {
			isa = PBXGroup;
			children = (
				3A6099E62BAA6A3400FF80EA /* nuhra.app */,
				3A6099F62BAA6A3500FF80EA /* nuhraTests.xctest */,
				3A609A002BAA6A3500FF80EA /* nuhraUITests.xctest */,
			);
			name = Products;
			sourceTree = "<group>";
		};
		3A6099E82BAA6A3400FF80EA /* nuhra */ = {
			isa = PBXGroup;
			children = (
				3A5520B12BBB2F2E00C6C63F /* UICommon */,
				3A5520B02BBB2ED200C6C63F /* ViewModel */,
				3A5520AF2BBB2EC000C6C63F /* Model */,
				3A5520AE2BBB2EAC00C6C63F /* View */,
				3A5520AD2BBB2D0C00C6C63F /* Info.plist */,
				3A609A132BBB193700FF80EA /* Font */,
				3A6099E92BAA6A3400FF80EA /* nuhraApp.swift */,
				3A6099ED2BAA6A3500FF80EA /* Assets.xcassets */,
				3A6099EF2BAA6A3500FF80EA /* Preview Content */,
				3A5520B72BBB313700C6C63F /* Launch Screen.storyboard */,
			);
			path = nuhra;
			sourceTree = "<group>";
		};
		3A6099EF2BAA6A3500FF80EA /* Preview Content */ = {
			isa = PBXGroup;
			children = (
				3A6099F02BAA6A3500FF80EA /* Preview Assets.xcassets */,
			);
			path = "Preview Content";
			sourceTree = "<group>";
		};
		3A6099F92BAA6A3500FF80EA /* nuhraTests */ = {
			isa = PBXGroup;
			children = (
				3A6099FA2BAA6A3500FF80EA /* nuhraTests.swift */,
			);
			path = nuhraTests;
			sourceTree = "<group>";
		};
		3A609A032BAA6A3500FF80EA /* nuhraUITests */ = {
			isa = PBXGroup;
			children = (
				3A609A042BAA6A3500FF80EA /* nuhraUITests.swift */,
				3A609A062BAA6A3500FF80EA /* nuhraUITestsLaunchTests.swift */,
			);
			path = nuhraUITests;
			sourceTree = "<group>";
		};
		3A609A132BBB193700FF80EA /* Font */ = {
			isa = PBXGroup;
			children = (
				3A5520AA2BBB2A2800C6C63F /* Airbnb-Cereald-Medium (1).otf */,
				3A5520A82BBB2A2800C6C63F /* Gilroy-Bold.ttf */,
				3A5520A62BBB2A2800C6C63F /* Gilroy-Medium.ttf */,
				3A5520AB2BBB2A2800C6C63F /* Gilroy-Regular.ttf */,
				3A5520A72BBB2A2800C6C63F /* Gilroy-SemiBold.ttf */,
				3A5520AC2BBB2A2800C6C63F /* HKGrotesk-Bold.otf */,
				3A5520A52BBB2A2800C6C63F /* HKGrotesk-Regular.otf */,
				3A5520A92BBB2A2800C6C63F /* Sveningsson.ttf */,
			);
			path = Font;
			sourceTree = "<group>";
		};
/* End PBXGroup section */

/* Begin PBXNativeTarget section */
		3A6099E52BAA6A3400FF80EA /* nuhra */ = {
			isa = PBXNativeTarget;
			buildConfigurationList = 3A609A0A2BAA6A3500FF80EA /* Build configuration list for PBXNativeTarget "nuhra" */;
			buildPhases = (
				3A6099E22BAA6A3400FF80EA /* Sources */,
				3A6099E32BAA6A3400FF80EA /* Frameworks */,
				3A6099E42BAA6A3400FF80EA /* Resources */,
			);
			buildRules = (
			);
			dependencies = (
			);
			name = nuhra;
			productName = nuhra;
			productReference = 3A6099E62BAA6A3400FF80EA /* nuhra.app */;
			productType = "com.apple.product-type.application";
		};
		3A6099F52BAA6A3500FF80EA /* nuhraTests */ = {
			isa = PBXNativeTarget;
			buildConfigurationList = 3A609A0D2BAA6A3500FF80EA /* Build configuration list for PBXNativeTarget "nuhraTests" */;
			buildPhases = (
				3A6099F22BAA6A3500FF80EA /* Sources */,
				3A6099F32BAA6A3500FF80EA /* Frameworks */,
				3A6099F42BAA6A3500FF80EA /* Resources */,
			);
			buildRules = (
			);
			dependencies = (
				3A6099F82BAA6A3500FF80EA /* PBXTargetDependency */,
			);
			name = nuhraTests;
			productName = nuhraTests;
			productReference = 3A6099F62BAA6A3500FF80EA /* nuhraTests.xctest */;
			productType = "com.apple.product-type.bundle.unit-test";
		};
		3A6099FF2BAA6A3500FF80EA /* nuhraUITests */ = {
			isa = PBXNativeTarget;
			buildConfigurationList = 3A609A102BAA6A3500FF80EA /* Build configuration list for PBXNativeTarget "nuhraUITests" */;
			buildPhases = (
				3A6099FC2BAA6A3500FF80EA /* Sources */,
				3A6099FD2BAA6A3500FF80EA /* Frameworks */,
				3A6099FE2BAA6A3500FF80EA /* Resources */,
			);
			buildRules = (
			);
			dependencies = (
				3A609A022BAA6A3500FF80EA /* PBXTargetDependency */,
			);
			name = nuhraUITests;
			productName = nuhraUITests;
			productReference = 3A609A002BAA6A3500FF80EA /* nuhraUITests.xctest */;
			productType = "com.apple.product-type.bundle.ui-testing";
		};
/* End PBXNativeTarget section */

/* Begin PBXProject section */
		3A6099DE2BAA6A3400FF80EA /* Project object */ = {
			isa = PBXProject;
			attributes = {
				BuildIndependentTargetsInParallel = 1;
				LastSwiftUpdateCheck = 1530;
				LastUpgradeCheck = 1530;
				TargetAttributes = {
					3A6099E52BAA6A3400FF80EA = {
						CreatedOnToolsVersion = 15.3;
					};
					3A6099F52BAA6A3500FF80EA = {
						CreatedOnToolsVersion = 15.3;
						TestTargetID = 3A6099E52BAA6A3400FF80EA;
					};
					3A6099FF2BAA6A3500FF80EA = {
						CreatedOnToolsVersion = 15.3;
						TestTargetID = 3A6099E52BAA6A3400FF80EA;
					};
				};
			};
			buildConfigurationList = 3A6099E12BAA6A3400FF80EA /* Build configuration list for PBXProject "nuhra" */;
			compatibilityVersion = "Xcode 14.0";
			developmentRegion = en;
			hasScannedForEncodings = 0;
			knownRegions = (
				en,
				Base,
			);
			mainGroup = 3A6099DD2BAA6A3400FF80EA;
			productRefGroup = 3A6099E72BAA6A3400FF80EA /* Products */;
			projectDirPath = "";
			projectRoot = "";
			targets = (
				3A6099E52BAA6A3400FF80EA /* nuhra */,
				3A6099F52BAA6A3500FF80EA /* nuhraTests */,
				3A6099FF2BAA6A3500FF80EA /* nuhraUITests */,
			);
		};
/* End PBXProject section */

/* Begin PBXResourcesBuildPhase section */
		3A6099E42BAA6A3400FF80EA /* Resources */ = {
			isa = PBXResourcesBuildPhase;
			buildActionMask = 2147483647;
			files = (
				3A5520B82BBB313700C6C63F /* Launch Screen.storyboard in Resources */,
				3A6099F12BAA6A3500FF80EA /* Preview Assets.xcassets in Resources */,
				3A6099EE2BAA6A3500FF80EA /* Assets.xcassets in Resources */,
			);
			runOnlyForDeploymentPostprocessing = 0;
		};
		3A6099F42BAA6A3500FF80EA /* Resources */ = {
			isa = PBXResourcesBuildPhase;
			buildActionMask = 2147483647;
			files = (
			);
			runOnlyForDeploymentPostprocessing = 0;
		};
		3A6099FE2BAA6A3500FF80EA /* Resources */ = {
			isa = PBXResourcesBuildPhase;
			buildActionMask = 2147483647;
			files = (
			);
			runOnlyForDeploymentPostprocessing = 0;
		};
/* End PBXResourcesBuildPhase section */

/* Begin PBXSourcesBuildPhase section */
		3A6099E22BAA6A3400FF80EA /* Sources */ = {
			isa = PBXSourcesBuildPhase;
			buildActionMask = 2147483647;
			files = (
				3A6099EA2BAA6A3400FF80EA /* nuhraApp.swift in Sources */,
				3A5520B42BBB2FF600C6C63F /* WelcomeView.swift in Sources */,
			);
			runOnlyForDeploymentPostprocessing = 0;
		};
		3A6099F22BAA6A3500FF80EA /* Sources */ = {
			isa = PBXSourcesBuildPhase;
			buildActionMask = 2147483647;
			files = (
				3A6099FB2BAA6A3500FF80EA /* nuhraTests.swift in Sources */,
			);
			runOnlyForDeploymentPostprocessing = 0;
		};
		3A6099FC2BAA6A3500FF80EA /* Sources */ = {
			isa = PBXSourcesBuildPhase;
			buildActionMask = 2147483647;
			files = (
				3A609A052BAA6A3500FF80EA /* nuhraUITests.swift in Sources */,
				3A609A072BAA6A3500FF80EA /* nuhraUITestsLaunchTests.swift in Sources */,
			);
			runOnlyForDeploymentPostprocessing = 0;
		};
/* End PBXSourcesBuildPhase section */

/* Begin PBXTargetDependency section */
		3A6099F82BAA6A3500FF80EA /* PBXTargetDependency */ = {
			isa = PBXTargetDependency;
			target = 3A6099E52BAA6A3400FF80EA /* nuhra */;
			targetProxy = 3A6099F72BAA6A3500FF80EA /* PBXContainerItemProxy */;
		};
		3A609A022BAA6A3500FF80EA /* PBXTargetDependency */ = {
			isa = PBXTargetDependency;
			target = 3A6099E52BAA6A3400FF80EA /* nuhra */;
			targetProxy = 3A609A012BAA6A3500FF80EA /* PBXContainerItemProxy */;
		};
/* End PBXTargetDependency section */

/* Begin XCBuildConfiguration section */
		3A609A082BAA6A3500FF80EA /* Debug */ = {
			isa = XCBuildConfiguration;
			buildSettings = {
				ALWAYS_SEARCH_USER_PATHS = NO;
				ASSETCATALOG_COMPILER_GENERATE_SWIFT_ASSET_SYMBOL_EXTENSIONS = YES;
				CLANG_ANALYZER_NONNULL = YES;
				CLANG_ANALYZER_NUMBER_OBJECT_CONVERSION = YES_AGGRESSIVE;
				CLANG_CXX_LANGUAGE_STANDARD = "gnu++20";
				CLANG_ENABLE_MODULES = YES;
				CLANG_ENABLE_OBJC_ARC = YES;
				CLANG_ENABLE_OBJC_WEAK = YES;
				CLANG_WARN_BLOCK_CAPTURE_AUTORELEASING = YES;
				CLANG_WARN_BOOL_CONVERSION = YES;
				CLANG_WARN_COMMA = YES;
				CLANG_WARN_CONSTANT_CONVERSION = YES;
				CLANG_WARN_DEPRECATED_OBJC_IMPLEMENTATIONS = YES;
				CLANG_WARN_DIRECT_OBJC_ISA_USAGE = YES_ERROR;
				CLANG_WARN_DOCUMENTATION_COMMENTS = YES;
				CLANG_WARN_EMPTY_BODY = YES;
				CLANG_WARN_ENUM_CONVERSION = YES;
				CLANG_WARN_INFINITE_RECURSION = YES;
				CLANG_WARN_INT_CONVERSION = YES;
				CLANG_WARN_NON_LITERAL_NULL_CONVERSION = YES;
				CLANG_WARN_OBJC_IMPLICIT_RETAIN_SELF = YES;
				CLANG_WARN_OBJC_LITERAL_CONVERSION = YES;
				CLANG_WARN_OBJC_ROOT_CLASS = YES_ERROR;
				CLANG_WARN_QUOTED_INCLUDE_IN_FRAMEWORK_HEADER = YES;
				CLANG_WARN_RANGE_LOOP_ANALYSIS = YES;
				CLANG_WARN_STRICT_PROTOTYPES = YES;
				CLANG_WARN_SUSPICIOUS_MOVE = YES;
				CLANG_WARN_UNGUARDED_AVAILABILITY = YES_AGGRESSIVE;
				CLANG_WARN_UNREACHABLE_CODE = YES;
				CLANG_WARN__DUPLICATE_METHOD_MATCH = YES;
				COPY_PHASE_STRIP = NO;
				DEBUG_INFORMATION_FORMAT = dwarf;
				ENABLE_STRICT_OBJC_MSGSEND = YES;
				ENABLE_TESTABILITY = YES;
				ENABLE_USER_SCRIPT_SANDBOXING = YES;
				GCC_C_LANGUAGE_STANDARD = gnu17;
				GCC_DYNAMIC_NO_PIC = NO;
				GCC_NO_COMMON_BLOCKS = YES;
				GCC_OPTIMIZATION_LEVEL = 0;
				GCC_PREPROCESSOR_DEFINITIONS = (
					"DEBUG=1",
					"$(inherited)",
				);
				GCC_WARN_64_TO_32_BIT_CONVERSION = YES;
				GCC_WARN_ABOUT_RETURN_TYPE = YES_ERROR;
				GCC_WARN_UNDECLARED_SELECTOR = YES;
				GCC_WARN_UNINITIALIZED_AUTOS = YES_AGGRESSIVE;
				GCC_WARN_UNUSED_FUNCTION = YES;
				GCC_WARN_UNUSED_VARIABLE = YES;
				IPHONEOS_DEPLOYMENT_TARGET = 17.4;
				LOCALIZATION_PREFERS_STRING_CATALOGS = YES;
				MTL_ENABLE_DEBUG_INFO = INCLUDE_SOURCE;
				MTL_FAST_MATH = YES;
				ONLY_ACTIVE_ARCH = YES;
				SDKROOT = iphoneos;
				SWIFT_ACTIVE_COMPILATION_CONDITIONS = "DEBUG $(inherited)";
				SWIFT_OPTIMIZATION_LEVEL = "-Onone";
			};
			name = Debug;
		};
		3A609A092BAA6A3500FF80EA /* Release */ = {
			isa = XCBuildConfiguration;
			buildSettings = {
				ALWAYS_SEARCH_USER_PATHS = NO;
				ASSETCATALOG_COMPILER_GENERATE_SWIFT_ASSET_SYMBOL_EXTENSIONS = YES;
				CLANG_ANALYZER_NONNULL = YES;
				CLANG_ANALYZER_NUMBER_OBJECT_CONVERSION = YES_AGGRESSIVE;
				CLANG_CXX_LANGUAGE_STANDARD = "gnu++20";
				CLANG_ENABLE_MODULES = YES;
				CLANG_ENABLE_OBJC_ARC = YES;
				CLANG_ENABLE_OBJC_WEAK = YES;
				CLANG_WARN_BLOCK_CAPTURE_AUTORELEASING = YES;
				CLANG_WARN_BOOL_CONVERSION = YES;
				CLANG_WARN_COMMA = YES;
				CLANG_WARN_CONSTANT_CONVERSION = YES;
				CLANG_WARN_DEPRECATED_OBJC_IMPLEMENTATIONS = YES;
				CLANG_WARN_DIRECT_OBJC_ISA_USAGE = YES_ERROR;
				CLANG_WARN_DOCUMENTATION_COMMENTS = YES;
				CLANG_WARN_EMPTY_BODY = YES;
				CLANG_WARN_ENUM_CONVERSION = YES;
				CLANG_WARN_INFINITE_RECURSION = YES;
				CLANG_WARN_INT_CONVERSION = YES;
				CLANG_WARN_NON_LITERAL_NULL_CONVERSION = YES;
				CLANG_WARN_OBJC_IMPLICIT_RETAIN_SELF = YES;
				CLANG_WARN_OBJC_LITERAL_CONVERSION = YES;
				CLANG_WARN_OBJC_ROOT_CLASS = YES_ERROR;
				CLANG_WARN_QUOTED_INCLUDE_IN_FRAMEWORK_HEADER = YES;
				CLANG_WARN_RANGE_LOOP_ANALYSIS = YES;
				CLANG_WARN_STRICT_PROTOTYPES = YES;
				CLANG_WARN_SUSPICIOUS_MOVE = YES;
				CLANG_WARN_UNGUARDED_AVAILABILITY = YES_AGGRESSIVE;
				CLANG_WARN_UNREACHABLE_CODE = YES;
				CLANG_WARN__DUPLICATE_METHOD_MATCH = YES;
				COPY_PHASE_STRIP = NO;
				DEBUG_INFORMATION_FORMAT = "dwarf-with-dsym";
				ENABLE_NS_ASSERTIONS = NO;
				ENABLE_STRICT_OBJC_MSGSEND = YES;
				ENABLE_USER_SCRIPT_SANDBOXING = YES;
				GCC_C_LANGUAGE_STANDARD = gnu17;
				GCC_NO_COMMON_BLOCKS = YES;
				GCC_WARN_64_TO_32_BIT_CONVERSION = YES;
				GCC_WARN_ABOUT_RETURN_TYPE = YES_ERROR;
				GCC_WARN_UNDECLARED_SELECTOR = YES;
				GCC_WARN_UNINITIALIZED_AUTOS = YES_AGGRESSIVE;
				GCC_WARN_UNUSED_FUNCTION = YES;
				GCC_WARN_UNUSED_VARIABLE = YES;
				IPHONEOS_DEPLOYMENT_TARGET = 17.4;
				LOCALIZATION_PREFERS_STRING_CATALOGS = YES;
				MTL_ENABLE_DEBUG_INFO = NO;
				MTL_FAST_MATH = YES;
				SDKROOT = iphoneos;
				SWIFT_COMPILATION_MODE = wholemodule;
				VALIDATE_PRODUCT = YES;
			};
			name = Release;
		};
		3A609A0B2BAA6A3500FF80EA /* Debug */ = {
			isa = XCBuildConfiguration;
			buildSettings = {
				ASSETCATALOG_COMPILER_APPICON_NAME = AppIcon;
				ASSETCATALOG_COMPILER_GLOBAL_ACCENT_COLOR_NAME = AccentColor;
				CODE_SIGN_STYLE = Automatic;
				CURRENT_PROJECT_VERSION = 1;
				DEVELOPMENT_ASSET_PATHS = "\"nuhra/Preview Content\"";
				ENABLE_PREVIEWS = YES;
				GENERATE_INFOPLIST_FILE = YES;
				INFOPLIST_FILE = nuhra/Info.plist;
				INFOPLIST_KEY_UIApplicationSceneManifest_Generation = YES;
				INFOPLIST_KEY_UIApplicationSupportsIndirectInputEvents = YES;
				INFOPLIST_KEY_UILaunchScreen_Generation = YES;
				INFOPLIST_KEY_UILaunchStoryboardName = "Launch Screen.storyboard";
				INFOPLIST_KEY_UIStatusBarHidden = YES;
				INFOPLIST_KEY_UISupportedInterfaceOrientations = UIInterfaceOrientationPortrait;
				IPHONEOS_DEPLOYMENT_TARGET = 14.0;
				LD_RUNPATH_SEARCH_PATHS = (
					"$(inherited)",
					"@executable_path/Frameworks",
				);
				MARKETING_VERSION = 1.0;
				PRODUCT_BUNDLE_IDENTIFIER = app.nuhra;
				PRODUCT_NAME = "$(TARGET_NAME)";
				SUPPORTED_PLATFORMS = "iphoneos iphonesimulator";
				SUPPORTS_MACCATALYST = NO;
				SUPPORTS_MAC_DESIGNED_FOR_IPHONE_IPAD = NO;
				SWIFT_EMIT_LOC_STRINGS = YES;
				SWIFT_VERSION = 5.0;
				TARGETED_DEVICE_FAMILY = 1;
			};
			name = Debug;
		};
		3A609A0C2BAA6A3500FF80EA /* Release */ = {
			isa = XCBuildConfiguration;
			buildSettings = {
				ASSETCATALOG_COMPILER_APPICON_NAME = AppIcon;
				ASSETCATALOG_COMPILER_GLOBAL_ACCENT_COLOR_NAME = AccentColor;
				CODE_SIGN_STYLE = Automatic;
				CURRENT_PROJECT_VERSION = 1;
				DEVELOPMENT_ASSET_PATHS = "\"nuhra/Preview Content\"";
				ENABLE_PREVIEWS = YES;
				GENERATE_INFOPLIST_FILE = YES;
				INFOPLIST_FILE = nuhra/Info.plist;
				INFOPLIST_KEY_UIApplicationSceneManifest_Generation = YES;
				INFOPLIST_KEY_UIApplicationSupportsIndirectInputEvents = YES;
				INFOPLIST_KEY_UILaunchScreen_Generation = YES;
				INFOPLIST_KEY_UILaunchStoryboardName = "Launch Screen.storyboard";
				INFOPLIST_KEY_UIStatusBarHidden = YES;
				INFOPLIST_KEY_UISupportedInterfaceOrientations = UIInterfaceOrientationPortrait;
				IPHONEOS_DEPLOYMENT_TARGET = 14.0;
				LD_RUNPATH_SEARCH_PATHS = (
					"$(inherited)",
					"@executable_path/Frameworks",
				);
				MARKETING_VERSION = 1.0;
				PRODUCT_BUNDLE_IDENTIFIER = app.nuhra;
				PRODUCT_NAME = "$(TARGET_NAME)";
				SUPPORTED_PLATFORMS = "iphoneos iphonesimulator";
				SUPPORTS_MACCATALYST = NO;
				SUPPORTS_MAC_DESIGNED_FOR_IPHONE_IPAD = NO;
				SWIFT_EMIT_LOC_STRINGS = YES;
				SWIFT_VERSION = 5.0;
				TARGETED_DEVICE_FAMILY = 1;
			};
			name = Release;
		};
		3A609A0E2BAA6A3500FF80EA /* Debug */ = {
			isa = XCBuildConfiguration;
			buildSettings = {
				ALWAYS_EMBED_SWIFT_STANDARD_LIBRARIES = YES;
				BUNDLE_LOADER = "$(TEST_HOST)";
				CODE_SIGN_STYLE = Automatic;
				CURRENT_PROJECT_VERSION = 1;
				GENERATE_INFOPLIST_FILE = YES;
				IPHONEOS_DEPLOYMENT_TARGET = 17.4;
				MARKETING_VERSION = 1.0;
				PRODUCT_BUNDLE_IDENTIFIER = app.nuhraTests;
				PRODUCT_NAME = "$(TARGET_NAME)";
				SWIFT_EMIT_LOC_STRINGS = NO;
				SWIFT_VERSION = 5.0;
				TARGETED_DEVICE_FAMILY = "1,2";
				TEST_HOST = "$(BUILT_PRODUCTS_DIR)/nuhra.app/$(BUNDLE_EXECUTABLE_FOLDER_PATH)/nuhra";
			};
			name = Debug;
		};
		3A609A0F2BAA6A3500FF80EA /* Release */ = {
			isa = XCBuildConfiguration;
			buildSettings = {
				ALWAYS_EMBED_SWIFT_STANDARD_LIBRARIES = YES;
				BUNDLE_LOADER = "$(TEST_HOST)";
				CODE_SIGN_STYLE = Automatic;
				CURRENT_PROJECT_VERSION = 1;
				GENERATE_INFOPLIST_FILE = YES;
				IPHONEOS_DEPLOYMENT_TARGET = 17.4;
				MARKETING_VERSION = 1.0;
				PRODUCT_BUNDLE_IDENTIFIER = app.nuhraTests;
				PRODUCT_NAME = "$(TARGET_NAME)";
				SWIFT_EMIT_LOC_STRINGS = NO;
				SWIFT_VERSION = 5.0;
				TARGETED_DEVICE_FAMILY = "1,2";
				TEST_HOST = "$(BUILT_PRODUCTS_DIR)/nuhra.app/$(BUNDLE_EXECUTABLE_FOLDER_PATH)/nuhra";
			};
			name = Release;
		};
		3A609A112BAA6A3500FF80EA /* Debug */ = {
			isa = XCBuildConfiguration;
			buildSettings = {
				ALWAYS_EMBED_SWIFT_STANDARD_LIBRARIES = YES;
				CODE_SIGN_STYLE = Automatic;
				CURRENT_PROJECT_VERSION = 1;
				GENERATE_INFOPLIST_FILE = YES;
				MARKETING_VERSION = 1.0;
				PRODUCT_BUNDLE_IDENTIFIER = app.nuhraUITests;
				PRODUCT_NAME = "$(TARGET_NAME)";
				SWIFT_EMIT_LOC_STRINGS = NO;
				SWIFT_VERSION = 5.0;
				TARGETED_DEVICE_FAMILY = "1,2";
				TEST_TARGET_NAME = nuhra;
			};
			name = Debug;
		};
		3A609A122BAA6A3500FF80EA /* Release */ = {
			isa = XCBuildConfiguration;
			buildSettings = {
				ALWAYS_EMBED_SWIFT_STANDARD_LIBRARIES = YES;
				CODE_SIGN_STYLE = Automatic;
				CURRENT_PROJECT_VERSION = 1;
				GENERATE_INFOPLIST_FILE = YES;
				MARKETING_VERSION = 1.0;
				PRODUCT_BUNDLE_IDENTIFIER = app.nuhraUITests;
				PRODUCT_NAME = "$(TARGET_NAME)";
				SWIFT_EMIT_LOC_STRINGS = NO;
				SWIFT_VERSION = 5.0;
				TARGETED_DEVICE_FAMILY = "1,2";
				TEST_TARGET_NAME = nuhra;
			};
			name = Release;
		};
/* End XCBuildConfiguration section */

/* Begin XCConfigurationList section */
		3A6099E12BAA6A3400FF80EA /* Build configuration list for PBXProject "nuhra" */ = {
			isa = XCConfigurationList;
			buildConfigurations = (
				3A609A082BAA6A3500FF80EA /* Debug */,
				3A609A092BAA6A3500FF80EA /* Release */,
			);
			defaultConfigurationIsVisible = 0;
			defaultConfigurationName = Release;
		};
		3A609A0A2BAA6A3500FF80EA /* Build configuration list for PBXNativeTarget "nuhra" */ = {
			isa = XCConfigurationList;
			buildConfigurations = (
				3A609A0B2BAA6A3500FF80EA /* Debug */,
				3A609A0C2BAA6A3500FF80EA /* Release */,
			);
			defaultConfigurationIsVisible = 0;
			defaultConfigurationName = Release;
		};
		3A609A0D2BAA6A3500FF80EA /* Build configuration list for PBXNativeTarget "nuhraTests" */ = {
			isa = XCConfigurationList;
			buildConfigurations = (
				3A609A0E2BAA6A3500FF80EA /* Debug */,
				3A609A0F2BAA6A3500FF80EA /* Release */,
			);
			defaultConfigurationIsVisible = 0;
			defaultConfigurationName = Release;
		};
		3A609A102BAA6A3500FF80EA /* Build configuration list for PBXNativeTarget "nuhraUITests" */ = {
			isa = XCConfigurationList;
			buildConfigurations = (
				3A609A112BAA6A3500FF80EA /* Debug */,
				3A609A122BAA6A3500FF80EA /* Release */,
			);
			defaultConfigurationIsVisible = 0;
			defaultConfigurationName = Release;
		};
/* End XCConfigurationList section */
	};
	rootObject = 3A6099DE2BAA6A3400FF80EA /* Project object */;
}
